PODS:
  - Alidade (6.0)
  - Astrolabe (6.0.0):
    - RxCocoa (~> 6)
    - RxSwift (~> 6)
  - Moondial (1.0.0)
  - PinLayout (1.10.3)
  - RxCocoa (6.5.0):
    - RxRelay (= 6.5.0)
    - RxSwift (= 6.5.0)
  - RxGesture (4.0.4):
    - RxCocoa (~> 6.0)
    - RxSwift (~> 6.0)
  - RxRelay (6.5.0):
    - RxSwift (= 6.5.0)
  - RxSwift (6.5.0)

DEPENDENCIES:
  - "Alidade (from `git@github.com:netcosports/Alidade.git`, branch `kmm`)"
  - "Astrolabe (from `git@github.com:netcosports/Astrolabe.git`, branch `kmm`)"
  - Moondial (from `.`)
  - PinLayout
  - RxGesture

SPEC REPOS:
  trunk:
    - PinLayout
    - RxCocoa
    - RxGesture
    - RxRelay
    - RxSwift

EXTERNAL SOURCES:
  Alidade:
    :branch: kmm
    :git: "git@github.com:netcosports/Alidade.git"
  Astrolabe:
    :branch: kmm
    :git: "git@github.com:netcosports/Astrolabe.git"
  Moondial:
    :path: "."

CHECKOUT OPTIONS:
  Alidade:
    :commit: a5f69cbb8894d18853efc8ab556150411b461128
    :git: "git@github.com:netcosports/Alidade.git"
  Astrolabe:
    :commit: 8c62970f432e934232b35e924d01b72255263a34
    :git: "git@github.com:netcosports/Astrolabe.git"

SPEC CHECKSUMS:
  Alidade: dd266774e98322fb53c115c459fc3482ef9be086
  Astrolabe: 29b16a5fa299a352001433bdf92fb1bbb9207b19
  Moondial: 9abf0b9dce55ca54801fde03b2fbbb69450a5b0e
  PinLayout: 0090ccbf29ae69af6ae5a15eaeaf27ed7b2c4d83
  RxCocoa: 94f817b71c07517321eb4f9ad299112ca8af743b
  RxGesture: f3efb47ed2d26a8082f7b660d4a59970e275a7f8
  RxRelay: 1de1523e604c72b6c68feadedd1af3b1b4d0ecbd
  RxSwift: 5710a9e6b17f3c3d6e40d6e559b9fa1e813b2ef8

PODFILE CHECKSUM: b8699f654a3ad11eec1b651906dacb6e9bec803a

COCOAPODS: 1.11.3
